
Microsoft Visual Studio Solution File, Format Version 12.00
# Visual Studio Version 17
VisualStudioVersion = 17.5.33424.131
MinimumVisualStudioVersion = 10.0.40219.1
Project("{9A19103F-16F7-4668-BE54-9A1E7A4F7556}") = "MyApplication", "App\MyApplication.csproj", "{70873D0C-E960-42F4-8992-725CC5204D9E}"
EndProject
Global
	GlobalSection(SolutionConfigurationPlatforms) = preSolution
		Debug|Any CPU = Debug|Any CPU
		Release|Any CPU = Release|Any CPU
	EndGlobalSection
	GlobalSection(ProjectConfigurationPlatforms) = postSolution
		{70873D0C-E960-42F4-8992-725CC5204D9E}.Debug|Any CPU.ActiveCfg = Debug|Any CPU
		{70873D0C-E960-42F4-8992-725CC5204D9E}.Debug|Any CPU.Build.0 = Debug|Any CPU
		{70873D0C-E960-42F4-8992-725CC5204D9E}.Release|Any CPU.ActiveCfg = Release|Any CPU
		{70873D0C-E960-42F4-8992-725CC5204D9E}.Release|Any CPU.Build.0 = Release|Any CPU
	EndGlobalSection
	GlobalSection(SolutionProperties) = preSolution
		HideSolutionNode = FALSE
	EndGlobalSection
	GlobalSection(ExtensibilityGlobals) = postSolution
		SolutionGuid = {1DB3C84A-60A3-457C-A277-5C9E823B5897}
	EndGlobalSection
EndGlobal
